
Microsoft Visual Studio Solution File, Format Version 12.00
# Visual Studio Version 17
VisualStudioVersion = 17.4.33213.308
MinimumVisualStudioVersion = 10.0.40219.1
Project("{FAE04EC0-301F-11D3-BF4B-00C04F79EFBC}") = "Assignment1", "Assignment1\Assignment1.csproj", "{4320A1AF-5CC5-4C60-BB81-9C63D00FBE3A}"
EndProject
Global
	GlobalSection(SolutionConfigurationPlatforms) = preSolution
		Debug|Any CPU = Debug|Any CPU
		Release|Any CPU = Release|Any CPU
	EndGlobalSection
	GlobalSection(ProjectConfigurationPlatforms) = postSolution
		{4320A1AF-5CC5-4C60-BB81-9C63D00FBE3A}.Debug|Any CPU.ActiveCfg = Debug|Any CPU
		{4320A1AF-5CC5-4C60-BB81-9C63D00FBE3A}.Debug|Any CPU.Build.0 = Debug|Any CPU
		{4320A1AF-5CC5-4C60-BB81-9C63D00FBE3A}.Release|Any CPU.ActiveCfg = Release|Any CPU
		{4320A1AF-5CC5-4C60-BB81-9C63D00FBE3A}.Release|Any CPU.Build.0 = Release|Any CPU
	EndGlobalSection
	GlobalSection(SolutionProperties) = preSolution
		HideSolutionNode = FALSE
	EndGlobalSection
	GlobalSection(ExtensibilityGlobals) = postSolution
		SolutionGuid = {E0954AA9-9A23-4CB3-8AEE-FB17D4283F11}
	EndGlobalSection
EndGlobal
